
Microsoft Visual Studio Solution File, Format Version 12.00
# Visual Studio Version 16
VisualStudioVersion = 16.0.31515.178
MinimumVisualStudioVersion = 10.0.40219.1
Project("{FAE04EC0-301F-11D3-BF4B-00C04F79EFBC}") = "Lunch Buddies", "Lunch Buddies\Lunch Buddies.csproj", "{B7EBCA3F-EC3F-4BB7-838F-01A345558C52}"
EndProject
Global
	GlobalSection(SolutionConfigurationPlatforms) = preSolution
		Debug|Any CPU = Debug|Any CPU
		Release|Any CPU = Release|Any CPU
	EndGlobalSection
	GlobalSection(ProjectConfigurationPlatforms) = postSolution
		{B7EBCA3F-EC3F-4BB7-838F-01A345558C52}.Debug|Any CPU.ActiveCfg = Debug|Any CPU
		{B7EBCA3F-EC3F-4BB7-838F-01A345558C52}.Debug|Any CPU.Build.0 = Debug|Any CPU
		{B7EBCA3F-EC3F-4BB7-838F-01A345558C52}.Release|Any CPU.ActiveCfg = Release|Any CPU
		{B7EBCA3F-EC3F-4BB7-838F-01A345558C52}.Release|Any CPU.Build.0 = Release|Any CPU
	EndGlobalSection
	GlobalSection(SolutionProperties) = preSolution
		HideSolutionNode = FALSE
	EndGlobalSection
	GlobalSection(ExtensibilityGlobals) = postSolution
		SolutionGuid = {E4337832-E099-4BDB-A545-522B51C8CFA1}
	EndGlobalSection
EndGlobal
